<?xml version="1.0" encoding="utf-8"?>
<Project ToolsVersion="4.0" xmlns="http://schemas.microsoft.com/developer/msbuild/2003">
  <ItemGroup>
    <Filter Include="资源文件">
      <UniqueIdentifier>{67DA6AB6-F800-4c08-8B7A-83BB121AAD01}</UniqueIdentifier>
      <Extensions>rc;ico;cur;bmp;dlg;rc2;rct;bin;rgs;gif;jpg;jpeg;jpe;resx;tiff;tif;png;wav;mfcribbon-ms</Extensions>
    </Filter>
    <Filter Include="core">
      <UniqueIdentifier>{93995380-89BD-4b04-88EB-625FBE52EBFB}</UniqueIdentifier>
      <Extensions>
      </Extensions>
    </Filter>
    <Filter Include="platform">
      <UniqueIdentifier>{43a3e461-7589-4980-a9af-7a4a7f587308}</UniqueIdentifier>
    </Filter>
    <Filter Include="shader">
      <UniqueIdentifier>{7675c853-a8c9-4ed6-8b3c-78522aa12b93}</UniqueIdentifier>
    </Filter>
    <Filter Include="TrD3D12Renderer">
      <UniqueIdentifier>{f5872611-562f-4583-aff6-b4d4e3f920ab}</UniqueIdentifier>
    </Filter>
    <Filter Include="TrD3D12Renderer\Public">
      <UniqueIdentifier>{95c04e21-9010-4d2a-80cf-46e2533eccf1}</UniqueIdentifier>
      <Extensions>h;hh;hpp;hxx;h++;hm;inl;inc;ipp;xsd</Extensions>
    </Filter>
    <Filter Include="TrD3D12Renderer\Private">
      <UniqueIdentifier>{dd74a020-9f17-48f9-805e-b969405b90c9}</UniqueIdentifier>
      <Extensions>cpp;</Extensions>
    </Filter>
    <Filter Include="TrSoftwareRenderer">
      <UniqueIdentifier>{e6286651-54df-4f06-88a1-247902aa1c27}</UniqueIdentifier>
    </Filter>
    <Filter Include="TrSoftwareRenderer\Public">
      <UniqueIdentifier>{5aa59f47-a574-47ea-851c-4461f1046adf}</UniqueIdentifier>
      <Extensions>h;hh;hpp;hxx;h++;hm;inl;inc;ipp;xsd</Extensions>
    </Filter>
    <Filter Include="TrSoftwareRenderer\Private">
      <UniqueIdentifier>{4FC737F1-C7A5-4376-A066-2A32D752A2FF}</UniqueIdentifier>
      <Extensions>cpp;c;cc;cxx;c++;cppm;ixx;def;odl;idl;hpj;bat;asm;asmx</Extensions>
    </Filter>
    <Filter Include="TrVulkanRenderer">
      <UniqueIdentifier>{2cf4df25-ff09-4710-b92c-72ee380442c3}</UniqueIdentifier>
    </Filter>
    <Filter Include="TrVulkanRenderer\private">
      <UniqueIdentifier>{37453817-c7c5-4f5b-b8ce-d4ed26593f08}</UniqueIdentifier>
      <Extensions>.cpp</Extensions>
    </Filter>
    <Filter Include="TrVulkanRenderer\public">
      <UniqueIdentifier>{f6642c87-8d6f-41f7-aa95-f8e20c671fe5}</UniqueIdentifier>
      <Extensions>.h</Extensions>
    </Filter>
    <Filter Include="imgui">
      <UniqueIdentifier>{c30f6059-149a-42f2-938a-3c3288f4eb12}</UniqueIdentifier>
    </Filter>
  </ItemGroup>
  <ItemGroup>
    <ClInclude Include="TrSoftwareRenderer\Camera.h">
      <Filter>TrSoftwareRenderer\Public</Filter>
    </ClInclude>
    <ClInclude Include="TrSoftwareRenderer\ClassUtils.h">
      <Filter>TrSoftwareRenderer\Public</Filter>
    </ClInclude>
    <ClInclude Include="TrSoftwareRenderer\framework.h">
      <Filter>TrSoftwareRenderer\Public</Filter>
    </ClInclude>
    <ClInclude Include="TrSoftwareRenderer\GlobalUtils.h">
      <Filter>TrSoftwareRenderer\Public</Filter>
    </ClInclude>
    <ClInclude Include="TrSoftwareRenderer\Macro.h">
      <Filter>TrSoftwareRenderer\Public</Filter>
    </ClInclude>
    <ClInclude Include="TrSoftwareRenderer\Maths.h">
      <Filter>TrSoftwareRenderer\Public</Filter>
    </ClInclude>
    <ClInclude Include="TrSoftwareRenderer\Model.h">
      <Filter>TrSoftwareRenderer\Public</Filter>
    </ClInclude>
    <ClInclude Include="TrSoftwareRenderer\Shader.h">
      <Filter>TrSoftwareRenderer\Public</Filter>
    </ClInclude>
    <ClInclude Include="TrSoftwareRenderer\TGA.h">
      <Filter>TrSoftwareRenderer\Public</Filter>
    </ClInclude>
    <ClInclude Include="TrSoftwareRenderer\Transform.h">
      <Filter>TrSoftwareRenderer\Public</Filter>
    </ClInclude>
    <ClInclude Include="TrSoftwareRenderer\Window.h">
      <Filter>TrSoftwareRenderer\Public</Filter>
    </ClInclude>
    <ClInclude Include="TrRenderer.h" />
    <ClInclude Include="TrD3D12Renderer\GameTimer.h">
      <Filter>TrD3D12Renderer\Public</Filter>
    </ClInclude>
    <ClInclude Include="TrD3D12Renderer\TrD3D12Renderer.h">
      <Filter>TrD3D12Renderer\Public</Filter>
    </ClInclude>
    <ClInclude Include="TrD3D12Renderer\TrD3D12Util.h">
      <Filter>TrD3D12Renderer\Public</Filter>
    </ClInclude>
    <ClInclude Include="TrD3D12Renderer\VertexBase.h">
      <Filter>TrD3D12Renderer\Public</Filter>
    </ClInclude>
    <ClInclude Include="TrWindowApp.h" />
    <ClInclude Include="TrD3D12Renderer\d3dx12.h">
      <Filter>TrD3D12Renderer\Public</Filter>
    </ClInclude>
    <ClInclude Include="TrD3D12Renderer\TrD3D12RendererBase.h">
      <Filter>TrD3D12Renderer\Public</Filter>
    </ClInclude>
    <ClInclude Include="TrD3D12Renderer\TrD3D12RendererRaster.h">
      <Filter>TrD3D12Renderer\Public</Filter>
    </ClInclude>
    <ClInclude Include="TrVulkanRenderer\TrVulkanRendererBase.h">
      <Filter>TrVulkanRenderer\public</Filter>
    </ClInclude>
    <ClInclude Include="TrVulkanRenderer\TrVulkanUtil.h">
      <Filter>TrVulkanRenderer\public</Filter>
    </ClInclude>
    <ClInclude Include="TrVulkanRenderer\TrVulkanGlobalConfigs.h">
      <Filter>TrVulkanRenderer\public</Filter>
    </ClInclude>
    <ClInclude Include="TrVulkanRenderer\TrVulkanQueueFamily.h">
      <Filter>TrVulkanRenderer\public</Filter>
    </ClInclude>
    <ClInclude Include="TrVulkanRenderer\TrVulkanSwapChain.h">
      <Filter>TrVulkanRenderer\public</Filter>
    </ClInclude>
    <ClInclude Include="TrVulkanRenderer\TrVulkanDescriptor.h">
      <Filter>TrVulkanRenderer\public</Filter>
    </ClInclude>
    <ClInclude Include="TrVulkanRenderer\TrVulkanVertex.h">
      <Filter>TrVulkanRenderer\public</Filter>
    </ClInclude>
    <ClInclude Include="TrVulkanRenderer\TrVulkanModel.h">
      <Filter>TrVulkanRenderer\public</Filter>
    </ClInclude>
    <ClInclude Include="imgui\imconfig.h">
      <Filter>imgui</Filter>
    </ClInclude>
    <ClInclude Include="imgui\imgui.h">
      <Filter>imgui</Filter>
    </ClInclude>
    <ClInclude Include="imgui\imgui_internal.h">
      <Filter>imgui</Filter>
    </ClInclude>
    <ClInclude Include="imgui\imstb_rectpack.h">
      <Filter>imgui</Filter>
    </ClInclude>
    <ClInclude Include="imgui\imstb_textedit.h">
      <Filter>imgui</Filter>
    </ClInclude>
    <ClInclude Include="imgui\imstb_truetype.h">
      <Filter>imgui</Filter>
    </ClInclude>
    <ClInclude Include="imgui\backends\imgui_impl_glfw.h">
      <Filter>imgui</Filter>
    </ClInclude>
    <ClInclude Include="imgui\backends\imgui_impl_vulkan.h">
      <Filter>imgui</Filter>
    </ClInclude>
    <ClInclude Include="TrVulkanRenderer\TrVulkanImGuiConfig.h">
      <Filter>TrD3D12Renderer\Public</Filter>
    </ClInclude>
    <ClInclude Include="TrVulkanRenderer\TrVulkanRendererRaster.h">
      <Filter>TrD3D12Renderer\Public</Filter>
    </ClInclude>
    <ClInclude Include="TrVulkanRenderer\TrVulkanRendererRayTracing.h">
      <Filter>TrD3D12Renderer\Public</Filter>
    </ClInclude>
  </ItemGroup>
  <ItemGroup>
    <ClCompile Include="TrSoftwareRenderer\Camera.cpp">
      <Filter>TrSoftwareRenderer\Private</Filter>
    </ClCompile>
    <ClCompile Include="TrSoftwareRenderer\Maths.cpp">
      <Filter>TrSoftwareRenderer\Private</Filter>
    </ClCompile>
    <ClCompile Include="TrSoftwareRenderer\Model.cpp">
      <Filter>TrSoftwareRenderer\Private</Filter>
    </ClCompile>
    <ClCompile Include="TrSoftwareRenderer\Shader.cpp">
      <Filter>TrSoftwareRenderer\Private</Filter>
    </ClCompile>
    <ClCompile Include="TrSoftwareRenderer\TGA.cpp">
      <Filter>TrSoftwareRenderer\Private</Filter>
    </ClCompile>
    <ClCompile Include="TrSoftwareRenderer\Transform.cpp">
      <Filter>TrSoftwareRenderer\Private</Filter>
    </ClCompile>
    <ClCompile Include="TrSoftwareRenderer\Window.cpp">
      <Filter>TrSoftwareRenderer\Private</Filter>
    </ClCompile>
    <ClCompile Include="TrRenderer.cpp" />
    <ClCompile Include="TrD3D12Renderer\GameTimer.cpp">
      <Filter>TrD3D12Renderer\Private</Filter>
    </ClCompile>
    <ClCompile Include="TrD3D12Renderer\TrD3D12Util.cpp">
      <Filter>TrD3D12Renderer\Private</Filter>
    </ClCompile>
    <ClCompile Include="TrD3D12Renderer\TrD3D12Renderer.cpp">
      <Filter>TrD3D12Renderer\Private</Filter>
    </ClCompile>
    <ClCompile Include="TrD3D12Renderer\VertexBase.cpp">
      <Filter>TrD3D12Renderer\Private</Filter>
    </ClCompile>
    <ClCompile Include="TrWindowApp.cpp" />
    <ClCompile Include="TrD3D12Renderer\TrD3D12RendererBase.cpp">
      <Filter>TrD3D12Renderer\Private</Filter>
    </ClCompile>
    <ClCompile Include="TrD3D12Renderer\TrD3D12RendererRaster.cpp">
      <Filter>TrD3D12Renderer\Private</Filter>
    </ClCompile>
    <ClCompile Include="TrVulkanRenderer\TrVulkanRendererBase.cpp">
      <Filter>TrVulkanRenderer\private</Filter>
    </ClCompile>
    <ClCompile Include="TrVulkanRenderer\TrVulkanUtil.cpp">
      <Filter>TrVulkanRenderer\private</Filter>
    </ClCompile>
    <ClCompile Include="TrVulkanRenderer\TrVulkanQueueFamily.cpp">
      <Filter>TrVulkanRenderer\private</Filter>
    </ClCompile>
    <ClCompile Include="TrVulkanRenderer\TrVulkanSwapChain.cpp">
      <Filter>TrVulkanRenderer\private</Filter>
    </ClCompile>
    <ClCompile Include="TrVulkanRenderer\TrVulkanVertex.cpp">
      <Filter>TrVulkanRenderer\private</Filter>
    </ClCompile>
    <ClCompile Include="TrVulkanRenderer\TrVulkanDescriptor.cpp">
      <Filter>TrVulkanRenderer\private</Filter>
    </ClCompile>
    <ClCompile Include="TrVulkanRenderer\TrVulkanModel.cpp">
      <Filter>TrVulkanRenderer\private</Filter>
    </ClCompile>
    <ClCompile Include="imgui\imgui.cpp">
      <Filter>imgui</Filter>
    </ClCompile>
    <ClCompile Include="imgui\imgui_demo.cpp">
      <Filter>imgui</Filter>
    </ClCompile>
    <ClCompile Include="imgui\imgui_draw.cpp">
      <Filter>imgui</Filter>
    </ClCompile>
    <ClCompile Include="imgui\imgui_tables.cpp">
      <Filter>imgui</Filter>
    </ClCompile>
    <ClCompile Include="imgui\imgui_widgets.cpp">
      <Filter>imgui</Filter>
    </ClCompile>
    <ClCompile Include="imgui\backends\imgui_impl_glfw.cpp">
      <Filter>imgui</Filter>
    </ClCompile>
    <ClCompile Include="imgui\backends\imgui_impl_vulkan.cpp">
      <Filter>imgui</Filter>
    </ClCompile>
    <ClCompile Include="TrVulkanRenderer\TrVulkanGlobalConfigs.cpp">
      <Filter>TrD3D12Renderer\Private</Filter>
    </ClCompile>
    <ClCompile Include="TrVulkanRenderer\TrVulkanImGuiConfig.cpp">
      <Filter>TrD3D12Renderer\Private</Filter>
    </ClCompile>
    <ClCompile Include="TrVulkanRenderer\TrVulkanRendererRaster.cpp">
      <Filter>TrD3D12Renderer\Private</Filter>
    </ClCompile>
    <ClCompile Include="TrVulkanRenderer\TrVulkanRendererRayTracing.cpp">
      <Filter>TrD3D12Renderer\Private</Filter>
    </ClCompile>
  </ItemGroup>
  <ItemGroup>
    <Image Include="TrRenderer.ico">
      <Filter>资源文件</Filter>
    </Image>
    <Image Include="TrSoftwareRenderer\small.ico">
      <Filter>资源文件</Filter>
    </Image>
  </ItemGroup>
  <ItemGroup>
    <None Include="shaders.hlsl">
      <Filter>shader</Filter>
    </None>
  </ItemGroup>
</Project>